<?xml version="1.0" encoding="utf-8"?>
<Project ToolsVersion="4.0" xmlns="http://schemas.microsoft.com/developer/msbuild/2003">
  <ItemGroup>
    <Filter Include="소스 파일">
      <UniqueIdentifier>{4FC737F1-C7A5-4376-A066-2A32D752A2FF}</UniqueIdentifier>
      <Extensions>cpp;c;cc;cxx;def;odl;idl;hpj;bat;asm;asmx</Extensions>
    </Filter>
    <Filter Include="헤더 파일">
      <UniqueIdentifier>{93995380-89BD-4b04-88EB-625FBE52EBFB}</UniqueIdentifier>
      <Extensions>h;hh;hpp;hxx;hm;inl;inc;ipp;xsd</Extensions>
    </Filter>
    <Filter Include="리소스 파일">
      <UniqueIdentifier>{67DA6AB6-F800-4c08-8B7A-83BB121AAD01}</UniqueIdentifier>
      <Extensions>rc;ico;cur;bmp;dlg;rc2;rct;bin;rgs;gif;jpg;jpeg;jpe;resx;tiff;tif;png;wav;mfcribbon-ms</Extensions>
    </Filter>
  </ItemGroup>
  <ItemGroup>
    <ClInclude Include="Hw.h">
      <Filter>헤더 파일</Filter>
    </ClInclude>
    <ClInclude Include="HwDlg.h">
      <Filter>헤더 파일</Filter>
    </ClInclude>
    <ClInclude Include="stdafx.h">
      <Filter>헤더 파일</Filter>
    </ClInclude>
    <ClInclude Include="targetver.h">
      <Filter>헤더 파일</Filter>
    </ClInclude>
    <ClInclude Include="Resource.h">
      <Filter>헤더 파일</Filter>
    </ClInclude>
    <ClInclude Include="CParabola.h">
      <Filter>헤더 파일</Filter>
    </ClInclude>
    <ClInclude Include="CRotatedrect.h">
      <Filter>헤더 파일</Filter>
    </ClInclude>
    <ClInclude Include="CRGBimage.h">
      <Filter>헤더 파일</Filter>
    </ClInclude>
    <ClInclude Include="Ccctv.h">
      <Filter>헤더 파일</Filter>
    </ClInclude>
    <ClInclude Include="CCircyl.h">
      <Filter>헤더 파일</Filter>
    </ClInclude>
    <ClInclude Include="CLinesearch.h">
      <Filter>헤더 파일</Filter>
    </ClInclude>
    <ClInclude Include="CSizerotation.h">
      <Filter>헤더 파일</Filter>
    </ClInclude>
    <ClInclude Include="CFFT.h">
      <Filter>헤더 파일</Filter>
    </ClInclude>
    <ClInclude Include="fft.h">
      <Filter>헤더 파일</Filter>
    </ClInclude>
    <ClInclude Include="CFinal.h">
      <Filter>헤더 파일</Filter>
    </ClInclude>
    <ClInclude Include="f_candidate.h">
      <Filter>헤더 파일</Filter>
    </ClInclude>
    <ClInclude Include="f_classify_objects.h">
      <Filter>헤더 파일</Filter>
    </ClInclude>
    <ClInclude Include="f_draw_rota.h">
      <Filter>헤더 파일</Filter>
    </ClInclude>
    <ClInclude Include="f_kNN.h">
      <Filter>헤더 파일</Filter>
    </ClInclude>
    <ClInclude Include="f_preprocess.h">
      <Filter>헤더 파일</Filter>
    </ClInclude>
    <ClInclude Include="f_SVM.h">
      <Filter>헤더 파일</Filter>
    </ClInclude>
  </ItemGroup>
  <ItemGroup>
    <ClCompile Include="Hw.cpp">
      <Filter>소스 파일</Filter>
    </ClCompile>
    <ClCompile Include="HwDlg.cpp">
      <Filter>소스 파일</Filter>
    </ClCompile>
    <ClCompile Include="stdafx.cpp">
      <Filter>소스 파일</Filter>
    </ClCompile>
    <ClCompile Include="CParabola.cpp">
      <Filter>소스 파일</Filter>
    </ClCompile>
    <ClCompile Include="CRotatedrect.cpp">
      <Filter>소스 파일</Filter>
    </ClCompile>
    <ClCompile Include="CRGBimage.cpp">
      <Filter>소스 파일</Filter>
    </ClCompile>
    <ClCompile Include="Ccctv.cpp">
      <Filter>소스 파일</Filter>
    </ClCompile>
    <ClCompile Include="CCircyl.cpp">
      <Filter>소스 파일</Filter>
    </ClCompile>
    <ClCompile Include="CLinesearch.cpp">
      <Filter>소스 파일</Filter>
    </ClCompile>
    <ClCompile Include="CSizerotation.cpp">
      <Filter>소스 파일</Filter>
    </ClCompile>
    <ClCompile Include="CFFT.cpp">
      <Filter>소스 파일</Filter>
    </ClCompile>
    <ClCompile Include="CFinal.cpp">
      <Filter>소스 파일</Filter>
    </ClCompile>
  </ItemGroup>
  <ItemGroup>
    <ResourceCompile Include="Hw.rc">
      <Filter>리소스 파일</Filter>
    </ResourceCompile>
  </ItemGroup>
  <ItemGroup>
    <None Include="res\Hw.rc2">
      <Filter>리소스 파일</Filter>
    </None>
  </ItemGroup>
  <ItemGroup>
    <Image Include="res\Hw.ico">
      <Filter>리소스 파일</Filter>
    </Image>
  </ItemGroup>
</Project>